
Microsoft Visual Studio Solution File, Format Version 12.00
# Visual Studio Version 17
VisualStudioVersion = 17.3.32929.385
MinimumVisualStudioVersion = 10.0.40219.1
Project("{FAE04EC0-301F-11D3-BF4B-00C04F79EFBC}") = "ContactsApp.UWP", "ContactsApp\ContactsApp.UWP\ContactsApp.UWP.csproj", "{F63D4548-C17B-4069-BBE2-75424D4622AF}"
EndProject
Project("{FAE04EC0-301F-11D3-BF4B-00C04F79EFBC}") = "ContactsApp.Android", "ContactsApp\ContactsApp.Android\ContactsApp.Android.csproj", "{1C03C783-E93E-4A35-8124-E02DB683EF73}"
EndProject
Project("{FAE04EC0-301F-11D3-BF4B-00C04F79EFBC}") = "ContactsApp.iOS", "ContactsApp\ContactsApp.iOS\ContactsApp.iOS.csproj", "{0E2F3208-65BF-4DD7-9FAC-1D9BFE865970}"
EndProject
Project("{9A19103F-16F7-4668-BE54-9A1E7A4F7556}") = "ContactsApp", "ContactsApp\ContactsApp\ContactsApp.csproj", "{5E22703A-6B39-48DE-87FC-5C37CED46045}"
EndProject
Project("{FAE04EC0-301F-11D3-BF4B-00C04F79EFBC}") = "ContactsAppTests", "ContactsAppTests\ContactsAppTests.csproj", "{DEC9FB69-928B-40E9-896D-AFECA862B920}"
EndProject
Global
	GlobalSection(SolutionConfigurationPlatforms) = preSolution
		Debug|Any CPU = Debug|Any CPU
		Debug|ARM = Debug|ARM
		Debug|iPhone = Debug|iPhone
		Debug|iPhoneSimulator = Debug|iPhoneSimulator
		Debug|x64 = Debug|x64
		Debug|x86 = Debug|x86
		Release|Any CPU = Release|Any CPU
		Release|ARM = Release|ARM
		Release|iPhone = Release|iPhone
		Release|iPhoneSimulator = Release|iPhoneSimulator
		Release|x64 = Release|x64
		Release|x86 = Release|x86
	EndGlobalSection
	GlobalSection(ProjectConfigurationPlatforms) = postSolution
		{F63D4548-C17B-4069-BBE2-75424D4622AF}.Debug|Any CPU.ActiveCfg = Debug|x64
		{F63D4548-C17B-4069-BBE2-75424D4622AF}.Debug|Any CPU.Build.0 = Debug|x64
		{F63D4548-C17B-4069-BBE2-75424D4622AF}.Debug|Any CPU.Deploy.0 = Debug|x64
		{F63D4548-C17B-4069-BBE2-75424D4622AF}.Debug|ARM.ActiveCfg = Debug|ARM
		{F63D4548-C17B-4069-BBE2-75424D4622AF}.Debug|ARM.Build.0 = Debug|ARM
		{F63D4548-C17B-4069-BBE2-75424D4622AF}.Debug|ARM.Deploy.0 = Debug|ARM
		{F63D4548-C17B-4069-BBE2-75424D4622AF}.Debug|iPhone.ActiveCfg = Debug|x64
		{F63D4548-C17B-4069-BBE2-75424D4622AF}.Debug|iPhone.Build.0 = Debug|x64
		{F63D4548-C17B-4069-BBE2-75424D4622AF}.Debug|iPhone.Deploy.0 = Debug|x64
		{F63D4548-C17B-4069-BBE2-75424D4622AF}.Debug|iPhoneSimulator.ActiveCfg = Debug|x64
		{F63D4548-C17B-4069-BBE2-75424D4622AF}.Debug|iPhoneSimulator.Build.0 = Debug|x64
		{F63D4548-C17B-4069-BBE2-75424D4622AF}.Debug|iPhoneSimulator.Deploy.0 = Debug|x64
		{F63D4548-C17B-4069-BBE2-75424D4622AF}.Debug|x64.ActiveCfg = Debug|x64
		{F63D4548-C17B-4069-BBE2-75424D4622AF}.Debug|x64.Build.0 = Debug|x64
		{F63D4548-C17B-4069-BBE2-75424D4622AF}.Debug|x64.Deploy.0 = Debug|x64
		{F63D4548-C17B-4069-BBE2-75424D4622AF}.Debug|x86.ActiveCfg = Debug|x86
		{F63D4548-C17B-4069-BBE2-75424D4622AF}.Debug|x86.Build.0 = Debug|x86
		{F63D4548-C17B-4069-BBE2-75424D4622AF}.Debug|x86.Deploy.0 = Debug|x86
		{F63D4548-C17B-4069-BBE2-75424D4622AF}.Release|Any CPU.ActiveCfg = Release|x64
		{F63D4548-C17B-4069-BBE2-75424D4622AF}.Release|Any CPU.Build.0 = Release|x64
		{F63D4548-C17B-4069-BBE2-75424D4622AF}.Release|Any CPU.Deploy.0 = Release|x64
		{F63D4548-C17B-4069-BBE2-75424D4622AF}.Release|ARM.ActiveCfg = Release|ARM
		{F63D4548-C17B-4069-BBE2-75424D4622AF}.Release|ARM.Build.0 = Release|ARM
		{F63D4548-C17B-4069-BBE2-75424D4622AF}.Release|ARM.Deploy.0 = Release|ARM
		{F63D4548-C17B-4069-BBE2-75424D4622AF}.Release|iPhone.ActiveCfg = Release|x64
		{F63D4548-C17B-4069-BBE2-75424D4622AF}.Release|iPhone.Build.0 = Release|x64
		{F63D4548-C17B-4069-BBE2-75424D4622AF}.Release|iPhone.Deploy.0 = Release|x64
		{F63D4548-C17B-4069-BBE2-75424D4622AF}.Release|iPhoneSimulator.ActiveCfg = Release|x64
		{F63D4548-C17B-4069-BBE2-75424D4622AF}.Release|iPhoneSimulator.Build.0 = Release|x64
		{F63D4548-C17B-4069-BBE2-75424D4622AF}.Release|iPhoneSimulator.Deploy.0 = Release|x64
		{F63D4548-C17B-4069-BBE2-75424D4622AF}.Release|x64.ActiveCfg = Release|x64
		{F63D4548-C17B-4069-BBE2-75424D4622AF}.Release|x64.Build.0 = Release|x64
		{F63D4548-C17B-4069-BBE2-75424D4622AF}.Release|x64.Deploy.0 = Release|x64
		{F63D4548-C17B-4069-BBE2-75424D4622AF}.Release|x86.ActiveCfg = Release|x86
		{F63D4548-C17B-4069-BBE2-75424D4622AF}.Release|x86.Build.0 = Release|x86
		{F63D4548-C17B-4069-BBE2-75424D4622AF}.Release|x86.Deploy.0 = Release|x86
		{1C03C783-E93E-4A35-8124-E02DB683EF73}.Debug|Any CPU.ActiveCfg = Debug|Any CPU
		{1C03C783-E93E-4A35-8124-E02DB683EF73}.Debug|Any CPU.Build.0 = Debug|Any CPU
		{1C03C783-E93E-4A35-8124-E02DB683EF73}.Debug|Any CPU.Deploy.0 = Debug|Any CPU
		{1C03C783-E93E-4A35-8124-E02DB683EF73}.Debug|ARM.ActiveCfg = Debug|Any CPU
		{1C03C783-E93E-4A35-8124-E02DB683EF73}.Debug|ARM.Build.0 = Debug|Any CPU
		{1C03C783-E93E-4A35-8124-E02DB683EF73}.Debug|ARM.Deploy.0 = Debug|Any CPU
		{1C03C783-E93E-4A35-8124-E02DB683EF73}.Debug|iPhone.ActiveCfg = Debug|Any CPU
		{1C03C783-E93E-4A35-8124-E02DB683EF73}.Debug|iPhone.Build.0 = Debug|Any CPU
		{1C03C783-E93E-4A35-8124-E02DB683EF73}.Debug|iPhone.Deploy.0 = Debug|Any CPU
		{1C03C783-E93E-4A35-8124-E02DB683EF73}.Debug|iPhoneSimulator.ActiveCfg = Debug|Any CPU
		{1C03C783-E93E-4A35-8124-E02DB683EF73}.Debug|iPhoneSimulator.Build.0 = Debug|Any CPU
		{1C03C783-E93E-4A35-8124-E02DB683EF73}.Debug|iPhoneSimulator.Deploy.0 = Debug|Any CPU
		{1C03C783-E93E-4A35-8124-E02DB683EF73}.Debug|x64.ActiveCfg = Debug|Any CPU
		{1C03C783-E93E-4A35-8124-E02DB683EF73}.Debug|x64.Build.0 = Debug|Any CPU
		{1C03C783-E93E-4A35-8124-E02DB683EF73}.Debug|x64.Deploy.0 = Debug|Any CPU
		{1C03C783-E93E-4A35-8124-E02DB683EF73}.Debug|x86.ActiveCfg = Debug|Any CPU
		{1C03C783-E93E-4A35-8124-E02DB683EF73}.Debug|x86.Build.0 = Debug|Any CPU
		{1C03C783-E93E-4A35-8124-E02DB683EF73}.Debug|x86.Deploy.0 = Debug|Any CPU
		{1C03C783-E93E-4A35-8124-E02DB683EF73}.Release|Any CPU.ActiveCfg = Release|Any CPU
		{1C03C783-E93E-4A35-8124-E02DB683EF73}.Release|Any CPU.Build.0 = Release|Any CPU
		{1C03C783-E93E-4A35-8124-E02DB683EF73}.Release|Any CPU.Deploy.0 = Release|Any CPU
		{1C03C783-E93E-4A35-8124-E02DB683EF73}.Release|ARM.ActiveCfg = Release|Any CPU
		{1C03C783-E93E-4A35-8124-E02DB683EF73}.Release|ARM.Build.0 = Release|Any CPU
		{1C03C783-E93E-4A35-8124-E02DB683EF73}.Release|ARM.Deploy.0 = Release|Any CPU
		{1C03C783-E93E-4A35-8124-E02DB683EF73}.Release|iPhone.ActiveCfg = Release|Any CPU
		{1C03C783-E93E-4A35-8124-E02DB683EF73}.Release|iPhone.Build.0 = Release|Any CPU
		{1C03C783-E93E-4A35-8124-E02DB683EF73}.Release|iPhone.Deploy.0 = Release|Any CPU
		{1C03C783-E93E-4A35-8124-E02DB683EF73}.Release|iPhoneSimulator.ActiveCfg = Release|Any CPU
		{1C03C783-E93E-4A35-8124-E02DB683EF73}.Release|iPhoneSimulator.Build.0 = Release|Any CPU
		{1C03C783-E93E-4A35-8124-E02DB683EF73}.Release|iPhoneSimulator.Deploy.0 = Release|Any CPU
		{1C03C783-E93E-4A35-8124-E02DB683EF73}.Release|x64.ActiveCfg = Release|Any CPU
		{1C03C783-E93E-4A35-8124-E02DB683EF73}.Release|x64.Build.0 = Release|Any CPU
		{1C03C783-E93E-4A35-8124-E02DB683EF73}.Release|x64.Deploy.0 = Release|Any CPU
		{1C03C783-E93E-4A35-8124-E02DB683EF73}.Release|x86.ActiveCfg = Release|Any CPU
		{1C03C783-E93E-4A35-8124-E02DB683EF73}.Release|x86.Build.0 = Release|Any CPU
		{1C03C783-E93E-4A35-8124-E02DB683EF73}.Release|x86.Deploy.0 = Release|Any CPU
		{0E2F3208-65BF-4DD7-9FAC-1D9BFE865970}.Debug|Any CPU.ActiveCfg = Debug|iPhoneSimulator
		{0E2F3208-65BF-4DD7-9FAC-1D9BFE865970}.Debug|Any CPU.Build.0 = Debug|iPhoneSimulator
		{0E2F3208-65BF-4DD7-9FAC-1D9BFE865970}.Debug|Any CPU.Deploy.0 = Debug|iPhoneSimulator
		{0E2F3208-65BF-4DD7-9FAC-1D9BFE865970}.Debug|ARM.ActiveCfg = Debug|iPhoneSimulator
		{0E2F3208-65BF-4DD7-9FAC-1D9BFE865970}.Debug|ARM.Build.0 = Debug|iPhoneSimulator
		{0E2F3208-65BF-4DD7-9FAC-1D9BFE865970}.Debug|ARM.Deploy.0 = Debug|iPhoneSimulator
		{0E2F3208-65BF-4DD7-9FAC-1D9BFE865970}.Debug|iPhone.ActiveCfg = Debug|iPhone
		{0E2F3208-65BF-4DD7-9FAC-1D9BFE865970}.Debug|iPhone.Build.0 = Debug|iPhone
		{0E2F3208-65BF-4DD7-9FAC-1D9BFE865970}.Debug|iPhone.Deploy.0 = Debug|iPhone
		{0E2F3208-65BF-4DD7-9FAC-1D9BFE865970}.Debug|iPhoneSimulator.ActiveCfg = Debug|iPhoneSimulator
		{0E2F3208-65BF-4DD7-9FAC-1D9BFE865970}.Debug|iPhoneSimulator.Build.0 = Debug|iPhoneSimulator
		{0E2F3208-65BF-4DD7-9FAC-1D9BFE865970}.Debug|iPhoneSimulator.Deploy.0 = Debug|iPhoneSimulator
		{0E2F3208-65BF-4DD7-9FAC-1D9BFE865970}.Debug|x64.ActiveCfg = Debug|iPhone
		{0E2F3208-65BF-4DD7-9FAC-1D9BFE865970}.Debug|x64.Build.0 = Debug|iPhone
		{0E2F3208-65BF-4DD7-9FAC-1D9BFE865970}.Debug|x64.Deploy.0 = Debug|iPhone
		{0E2F3208-65BF-4DD7-9FAC-1D9BFE865970}.Debug|x86.ActiveCfg = Debug|iPhoneSimulator
		{0E2F3208-65BF-4DD7-9FAC-1D9BFE865970}.Debug|x86.Build.0 = Debug|iPhoneSimulator
		{0E2F3208-65BF-4DD7-9FAC-1D9BFE865970}.Debug|x86.Deploy.0 = Debug|iPhoneSimulator
		{0E2F3208-65BF-4DD7-9FAC-1D9BFE865970}.Release|Any CPU.ActiveCfg = Release|iPhoneSimulator
		{0E2F3208-65BF-4DD7-9FAC-1D9BFE865970}.Release|Any CPU.Build.0 = Release|iPhoneSimulator
		{0E2F3208-65BF-4DD7-9FAC-1D9BFE865970}.Release|Any CPU.Deploy.0 = Release|iPhoneSimulator
		{0E2F3208-65BF-4DD7-9FAC-1D9BFE865970}.Release|ARM.ActiveCfg = Release|iPhoneSimulator
		{0E2F3208-65BF-4DD7-9FAC-1D9BFE865970}.Release|ARM.Build.0 = Release|iPhoneSimulator
		{0E2F3208-65BF-4DD7-9FAC-1D9BFE865970}.Release|ARM.Deploy.0 = Release|iPhoneSimulator
		{0E2F3208-65BF-4DD7-9FAC-1D9BFE865970}.Release|iPhone.ActiveCfg = Release|iPhone
		{0E2F3208-65BF-4DD7-9FAC-1D9BFE865970}.Release|iPhone.Build.0 = Release|iPhone
		{0E2F3208-65BF-4DD7-9FAC-1D9BFE865970}.Release|iPhone.Deploy.0 = Release|iPhone
		{0E2F3208-65BF-4DD7-9FAC-1D9BFE865970}.Release|iPhoneSimulator.ActiveCfg = Release|iPhoneSimulator
		{0E2F3208-65BF-4DD7-9FAC-1D9BFE865970}.Release|iPhoneSimulator.Build.0 = Release|iPhoneSimulator
		{0E2F3208-65BF-4DD7-9FAC-1D9BFE865970}.Release|iPhoneSimulator.Deploy.0 = Release|iPhoneSimulator
		{0E2F3208-65BF-4DD7-9FAC-1D9BFE865970}.Release|x64.ActiveCfg = Release|iPhoneSimulator
		{0E2F3208-65BF-4DD7-9FAC-1D9BFE865970}.Release|x64.Build.0 = Release|iPhoneSimulator
		{0E2F3208-65BF-4DD7-9FAC-1D9BFE865970}.Release|x64.Deploy.0 = Release|iPhoneSimulator
		{0E2F3208-65BF-4DD7-9FAC-1D9BFE865970}.Release|x86.ActiveCfg = Release|iPhoneSimulator
		{0E2F3208-65BF-4DD7-9FAC-1D9BFE865970}.Release|x86.Build.0 = Release|iPhoneSimulator
		{0E2F3208-65BF-4DD7-9FAC-1D9BFE865970}.Release|x86.Deploy.0 = Release|iPhoneSimulator
		{5E22703A-6B39-48DE-87FC-5C37CED46045}.Debug|Any CPU.ActiveCfg = Debug|Any CPU
		{5E22703A-6B39-48DE-87FC-5C37CED46045}.Debug|Any CPU.Build.0 = Debug|Any CPU
		{5E22703A-6B39-48DE-87FC-5C37CED46045}.Debug|Any CPU.Deploy.0 = Debug|Any CPU
		{5E22703A-6B39-48DE-87FC-5C37CED46045}.Debug|ARM.ActiveCfg = Debug|Any CPU
		{5E22703A-6B39-48DE-87FC-5C37CED46045}.Debug|ARM.Build.0 = Debug|Any CPU
		{5E22703A-6B39-48DE-87FC-5C37CED46045}.Debug|ARM.Deploy.0 = Debug|Any CPU
		{5E22703A-6B39-48DE-87FC-5C37CED46045}.Debug|iPhone.ActiveCfg = Debug|Any CPU
		{5E22703A-6B39-48DE-87FC-5C37CED46045}.Debug|iPhone.Build.0 = Debug|Any CPU
		{5E22703A-6B39-48DE-87FC-5C37CED46045}.Debug|iPhone.Deploy.0 = Debug|Any CPU
		{5E22703A-6B39-48DE-87FC-5C37CED46045}.Debug|iPhoneSimulator.ActiveCfg = Debug|Any CPU
		{5E22703A-6B39-48DE-87FC-5C37CED46045}.Debug|iPhoneSimulator.Build.0 = Debug|Any CPU
		{5E22703A-6B39-48DE-87FC-5C37CED46045}.Debug|iPhoneSimulator.Deploy.0 = Debug|Any CPU
		{5E22703A-6B39-48DE-87FC-5C37CED46045}.Debug|x64.ActiveCfg = Debug|Any CPU
		{5E22703A-6B39-48DE-87FC-5C37CED46045}.Debug|x64.Build.0 = Debug|Any CPU
		{5E22703A-6B39-48DE-87FC-5C37CED46045}.Debug|x64.Deploy.0 = Debug|Any CPU
		{5E22703A-6B39-48DE-87FC-5C37CED46045}.Debug|x86.ActiveCfg = Debug|Any CPU
		{5E22703A-6B39-48DE-87FC-5C37CED46045}.Debug|x86.Build.0 = Debug|Any CPU
		{5E22703A-6B39-48DE-87FC-5C37CED46045}.Debug|x86.Deploy.0 = Debug|Any CPU
		{5E22703A-6B39-48DE-87FC-5C37CED46045}.Release|Any CPU.ActiveCfg = Release|Any CPU
		{5E22703A-6B39-48DE-87FC-5C37CED46045}.Release|Any CPU.Build.0 = Release|Any CPU
		{5E22703A-6B39-48DE-87FC-5C37CED46045}.Release|Any CPU.Deploy.0 = Release|Any CPU
		{5E22703A-6B39-48DE-87FC-5C37CED46045}.Release|ARM.ActiveCfg = Release|Any CPU
		{5E22703A-6B39-48DE-87FC-5C37CED46045}.Release|ARM.Build.0 = Release|Any CPU
		{5E22703A-6B39-48DE-87FC-5C37CED46045}.Release|ARM.Deploy.0 = Release|Any CPU
		{5E22703A-6B39-48DE-87FC-5C37CED46045}.Release|iPhone.ActiveCfg = Release|Any CPU
		{5E22703A-6B39-48DE-87FC-5C37CED46045}.Release|iPhone.Build.0 = Release|Any CPU
		{5E22703A-6B39-48DE-87FC-5C37CED46045}.Release|iPhone.Deploy.0 = Release|Any CPU
		{5E22703A-6B39-48DE-87FC-5C37CED46045}.Release|iPhoneSimulator.ActiveCfg = Release|Any CPU
		{5E22703A-6B39-48DE-87FC-5C37CED46045}.Release|iPhoneSimulator.Build.0 = Release|Any CPU
		{5E22703A-6B39-48DE-87FC-5C37CED46045}.Release|iPhoneSimulator.Deploy.0 = Release|Any CPU
		{5E22703A-6B39-48DE-87FC-5C37CED46045}.Release|x64.ActiveCfg = Release|Any CPU
		{5E22703A-6B39-48DE-87FC-5C37CED46045}.Release|x64.Build.0 = Release|Any CPU
		{5E22703A-6B39-48DE-87FC-5C37CED46045}.Release|x64.Deploy.0 = Release|Any CPU
		{5E22703A-6B39-48DE-87FC-5C37CED46045}.Release|x86.ActiveCfg = Release|Any CPU
		{5E22703A-6B39-48DE-87FC-5C37CED46045}.Release|x86.Build.0 = Release|Any CPU
		{5E22703A-6B39-48DE-87FC-5C37CED46045}.Release|x86.Deploy.0 = Release|Any CPU
		{DEC9FB69-928B-40E9-896D-AFECA862B920}.Debug|Any CPU.ActiveCfg = Debug|Any CPU
		{DEC9FB69-928B-40E9-896D-AFECA862B920}.Debug|Any CPU.Build.0 = Debug|Any CPU
		{DEC9FB69-928B-40E9-896D-AFECA862B920}.Debug|ARM.ActiveCfg = Debug|Any CPU
		{DEC9FB69-928B-40E9-896D-AFECA862B920}.Debug|ARM.Build.0 = Debug|Any CPU
		{DEC9FB69-928B-40E9-896D-AFECA862B920}.Debug|iPhone.ActiveCfg = Debug|Any CPU
		{DEC9FB69-928B-40E9-896D-AFECA862B920}.Debug|iPhone.Build.0 = Debug|Any CPU
		{DEC9FB69-928B-40E9-896D-AFECA862B920}.Debug|iPhoneSimulator.ActiveCfg = Debug|Any CPU
		{DEC9FB69-928B-40E9-896D-AFECA862B920}.Debug|iPhoneSimulator.Build.0 = Debug|Any CPU
		{DEC9FB69-928B-40E9-896D-AFECA862B920}.Debug|x64.ActiveCfg = Debug|Any CPU
		{DEC9FB69-928B-40E9-896D-AFECA862B920}.Debug|x64.Build.0 = Debug|Any CPU
		{DEC9FB69-928B-40E9-896D-AFECA862B920}.Debug|x86.ActiveCfg = Debug|Any CPU
		{DEC9FB69-928B-40E9-896D-AFECA862B920}.Debug|x86.Build.0 = Debug|Any CPU
		{DEC9FB69-928B-40E9-896D-AFECA862B920}.Release|Any CPU.ActiveCfg = Release|Any CPU
		{DEC9FB69-928B-40E9-896D-AFECA862B920}.Release|Any CPU.Build.0 = Release|Any CPU
		{DEC9FB69-928B-40E9-896D-AFECA862B920}.Release|ARM.ActiveCfg = Release|Any CPU
		{DEC9FB69-928B-40E9-896D-AFECA862B920}.Release|ARM.Build.0 = Release|Any CPU
		{DEC9FB69-928B-40E9-896D-AFECA862B920}.Release|iPhone.ActiveCfg = Release|Any CPU
		{DEC9FB69-928B-40E9-896D-AFECA862B920}.Release|iPhone.Build.0 = Release|Any CPU
		{DEC9FB69-928B-40E9-896D-AFECA862B920}.Release|iPhoneSimulator.ActiveCfg = Release|Any CPU
		{DEC9FB69-928B-40E9-896D-AFECA862B920}.Release|iPhoneSimulator.Build.0 = Release|Any CPU
		{DEC9FB69-928B-40E9-896D-AFECA862B920}.Release|x64.ActiveCfg = Release|Any CPU
		{DEC9FB69-928B-40E9-896D-AFECA862B920}.Release|x64.Build.0 = Release|Any CPU
		{DEC9FB69-928B-40E9-896D-AFECA862B920}.Release|x86.ActiveCfg = Release|Any CPU
		{DEC9FB69-928B-40E9-896D-AFECA862B920}.Release|x86.Build.0 = Release|Any CPU
	EndGlobalSection
	GlobalSection(SolutionProperties) = preSolution
		HideSolutionNode = FALSE
	EndGlobalSection
	GlobalSection(ExtensibilityGlobals) = postSolution
		SolutionGuid = {D726705F-C1A9-4B2E-B479-3788F63FEBA1}
	EndGlobalSection
EndGlobal
